
Microsoft Visual Studio Solution File, Format Version 12.00
# Visual Studio Version 17
VisualStudioVersion = 17.12.35527.113
MinimumVisualStudioVersion = 10.0.40219.1
Project("{FAE04EC0-301F-11D3-BF4B-00C04F79EFBC}") = "IPInfoAPI", "IPInfoAPI\IPInfoAPI.csproj", "{26A2C3F0-8011-48AC-B4C2-3DDE15EC51D4}"
EndProject
Project("{FAE04EC0-301F-11D3-BF4B-00C04F79EFBC}") = "IPInfoAPI.Tests", "IPInfoAPI.Tests\IPInfoAPI.Tests.csproj", "{FF2714FC-B1E3-4E6D-9030-153239D7DD5A}"
EndProject
Global
	GlobalSection(SolutionConfigurationPlatforms) = preSolution
		Debug|Any CPU = Debug|Any CPU
		Release|Any CPU = Release|Any CPU
	EndGlobalSection
	GlobalSection(ProjectConfigurationPlatforms) = postSolution
		{26A2C3F0-8011-48AC-B4C2-3DDE15EC51D4}.Debug|Any CPU.ActiveCfg = Debug|Any CPU
		{26A2C3F0-8011-48AC-B4C2-3DDE15EC51D4}.Debug|Any CPU.Build.0 = Debug|Any CPU
		{26A2C3F0-8011-48AC-B4C2-3DDE15EC51D4}.Release|Any CPU.ActiveCfg = Release|Any CPU
		{26A2C3F0-8011-48AC-B4C2-3DDE15EC51D4}.Release|Any CPU.Build.0 = Release|Any CPU
		{FF2714FC-B1E3-4E6D-9030-153239D7DD5A}.Debug|Any CPU.ActiveCfg = Debug|Any CPU
		{FF2714FC-B1E3-4E6D-9030-153239D7DD5A}.Debug|Any CPU.Build.0 = Debug|Any CPU
		{FF2714FC-B1E3-4E6D-9030-153239D7DD5A}.Release|Any CPU.ActiveCfg = Release|Any CPU
		{FF2714FC-B1E3-4E6D-9030-153239D7DD5A}.Release|Any CPU.Build.0 = Release|Any CPU
	EndGlobalSection
	GlobalSection(SolutionProperties) = preSolution
		HideSolutionNode = FALSE
	EndGlobalSection
EndGlobal
